
Microsoft Visual Studio Solution File, Format Version 12.00
Project("{FAE04EC0-301F-11D3-BF4B-00C04F79EFBC}") = "ICT3101_Calculator", "ICT3101_Calculator\ICT3101_Calculator.csproj", "{950BC1DA-806B-4369-A7FA-AAFDAA3C846F}"
EndProject
Project("{FAE04EC0-301F-11D3-BF4B-00C04F79EFBC}") = "ICT3101_Calculator.UnitTests", "ICT3101_Calculator.UnitTests\ICT3101_Calculator.UnitTests.csproj", "{C0DF600A-BCD7-4818-A19F-C9289472D84F}"
EndProject
Project("{FAE04EC0-301F-11D3-BF4B-00C04F79EFBC}") = "SpecFlowCalculatorTests", "SpecFlowCalculatorTests\SpecFlowCalculatorTests.csproj", "{1636FCF5-DE27-4DDC-AFEA-42749CB67D9D}"
EndProject
Global
	GlobalSection(SolutionConfigurationPlatforms) = preSolution
		Debug|Any CPU = Debug|Any CPU
		Release|Any CPU = Release|Any CPU
	EndGlobalSection
	GlobalSection(ProjectConfigurationPlatforms) = postSolution
		{950BC1DA-806B-4369-A7FA-AAFDAA3C846F}.Debug|Any CPU.ActiveCfg = Debug|Any CPU
		{950BC1DA-806B-4369-A7FA-AAFDAA3C846F}.Debug|Any CPU.Build.0 = Debug|Any CPU
		{950BC1DA-806B-4369-A7FA-AAFDAA3C846F}.Release|Any CPU.ActiveCfg = Release|Any CPU
		{950BC1DA-806B-4369-A7FA-AAFDAA3C846F}.Release|Any CPU.Build.0 = Release|Any CPU
		{C0DF600A-BCD7-4818-A19F-C9289472D84F}.Debug|Any CPU.ActiveCfg = Debug|Any CPU
		{C0DF600A-BCD7-4818-A19F-C9289472D84F}.Debug|Any CPU.Build.0 = Debug|Any CPU
		{C0DF600A-BCD7-4818-A19F-C9289472D84F}.Release|Any CPU.ActiveCfg = Release|Any CPU
		{C0DF600A-BCD7-4818-A19F-C9289472D84F}.Release|Any CPU.Build.0 = Release|Any CPU
		{1636FCF5-DE27-4DDC-AFEA-42749CB67D9D}.Debug|Any CPU.ActiveCfg = Debug|Any CPU
		{1636FCF5-DE27-4DDC-AFEA-42749CB67D9D}.Debug|Any CPU.Build.0 = Debug|Any CPU
		{1636FCF5-DE27-4DDC-AFEA-42749CB67D9D}.Release|Any CPU.ActiveCfg = Release|Any CPU
		{1636FCF5-DE27-4DDC-AFEA-42749CB67D9D}.Release|Any CPU.Build.0 = Release|Any CPU
	EndGlobalSection
EndGlobal
